{
	"requires": true,
	"lockfileVersion": 1,
	"dependencies": {
		"apple": {
			"version": "0.0.0",
			"resolved": "https://nexus.booxdev.com/repository/npm-all/apple/-/apple-0.0.0.tgz",
			"integrity": "sha1-NqewwlvGnyZ1wm+FSwvM7RqTOX4="
		},
		"sillyname": {
			"version": "0.1.0",
			"resolved": "https://nexus.booxdev.com/repository/npm-all/sillyname/-/sillyname-0.1.0.tgz",
			"integrity": "sha1-z9mIWOJJhnE0d3Xv47tRQfRsh9Y="
		}
	}
}
